
Microsoft Visual Studio Solution File, Format Version 12.00
# Visual Studio 14
VisualStudioVersion = 14.0.25420.1
MinimumVisualStudioVersion = 10.0.40219.1
Project("{FAE04EC0-301F-11D3-BF4B-00C04F79EFBC}") = "ObjectValidator", "ObjectValidator\ObjectValidator.csproj", "{8373DDA9-6684-4D7D-B647-D87E753ACE1D}"
EndProject
Project("{FAE04EC0-301F-11D3-BF4B-00C04F79EFBC}") = "ObjectValidator.Tests", "ObjectValidator.Tests\ObjectValidator.Tests.csproj", "{0E3C41C9-6C00-4354-8709-AB6F19D1AAFB}"
EndProject
Global
	GlobalSection(SolutionConfigurationPlatforms) = preSolution
		Debug|Any CPU = Debug|Any CPU
		Release|Any CPU = Release|Any CPU
	EndGlobalSection
	GlobalSection(ProjectConfigurationPlatforms) = postSolution
		{8373DDA9-6684-4D7D-B647-D87E753ACE1D}.Debug|Any CPU.ActiveCfg = Debug|Any CPU
		{8373DDA9-6684-4D7D-B647-D87E753ACE1D}.Debug|Any CPU.Build.0 = Debug|Any CPU
		{8373DDA9-6684-4D7D-B647-D87E753ACE1D}.Release|Any CPU.ActiveCfg = Release|Any CPU
		{8373DDA9-6684-4D7D-B647-D87E753ACE1D}.Release|Any CPU.Build.0 = Release|Any CPU
		{0E3C41C9-6C00-4354-8709-AB6F19D1AAFB}.Debug|Any CPU.ActiveCfg = Debug|Any CPU
		{0E3C41C9-6C00-4354-8709-AB6F19D1AAFB}.Debug|Any CPU.Build.0 = Debug|Any CPU
		{0E3C41C9-6C00-4354-8709-AB6F19D1AAFB}.Release|Any CPU.ActiveCfg = Release|Any CPU
		{0E3C41C9-6C00-4354-8709-AB6F19D1AAFB}.Release|Any CPU.Build.0 = Release|Any CPU
	EndGlobalSection
	GlobalSection(SolutionProperties) = preSolution
		HideSolutionNode = FALSE
	EndGlobalSection
EndGlobal
